# This file is autogenerated, do not edit; changes may be undone by the next 'dep ensure'.


[[projects]]
  name = "github.com/Masterminds/semver"
  packages = ["."]
  revision = "15d8430ab86497c5c0da827b748823945e1cf1e1"
  version = "v1.4.0"

[[projects]]
  name = "github.com/blang/semver"
  packages = ["."]
  revision = "2ee87856327ba09384cabd113bc6b5d174e9ec0f"
  version = "v3.5.1"

[[projects]]
  branch = "master"
  name = "github.com/cloudfoundry/libbuildpack"
  packages = [".","cutlass","packager"]
  revision = "16c75df30b08872e3ede89a44478f9ce77b5fd48"

[[projects]]
  name = "github.com/elazarl/goproxy"
  packages = ["."]
  revision = "aacba83f36a55ac31cbb71c06547a328c0cd1604"

[[projects]]
  branch = "master"
  name = "github.com/sclevine/spec"
  packages = [".","report"]
  revision = "fb0e5c769c60c1efe67416ea770d8669606b64d4"

[[projects]]
  name = "github.com/tidwall/gjson"
  packages = ["."]
  revision = "5a69e67cfd8f6f9b0044ed49f5079d0eeed28653"
  version = "v1.0.1"

[[projects]]
  branch = "master"
  name = "github.com/tidwall/match"
  packages = ["."]
  revision = "1731857f09b1f38450e2c12409748407822dc6be"

[[projects]]
  branch = "v2"
  name = "gopkg.in/yaml.v2"
  packages = ["."]
  revision = "eb3733d160e74a9c7e442f435eb3bea458e1d19f"

[solve-meta]
  analyzer-name = "dep"
  analyzer-version = 1
  inputs-digest = "58fe67b8802b4c472d69a73cc12057d08aa62dadd3940a0ffc67b83315015056"
  solver-name = "gps-cdcl"
  solver-version = 1
